
Microsoft Visual Studio Solution File, Format Version 12.00
# Visual Studio Version 17
VisualStudioVersion = 17.13.35931.197 d17.13
MinimumVisualStudioVersion = 10.0.40219.1
Project("{FAE04EC0-301F-11D3-BF4B-00C04F79EFBC}") = "QR Generator", "QR Generator.csproj", "{1DB0EEE6-E9EF-4EB2-B244-E4036E5CB979}"
EndProject
Global
	GlobalSection(SolutionConfigurationPlatforms) = preSolution
		Debug|Any CPU = Debug|Any CPU
		Release|Any CPU = Release|Any CPU
	EndGlobalSection
	GlobalSection(ProjectConfigurationPlatforms) = postSolution
		{1DB0EEE6-E9EF-4EB2-B244-E4036E5CB979}.Debug|Any CPU.ActiveCfg = Debug|Any CPU
		{1DB0EEE6-E9EF-4EB2-B244-E4036E5CB979}.Debug|Any CPU.Build.0 = Debug|Any CPU
		{1DB0EEE6-E9EF-4EB2-B244-E4036E5CB979}.Release|Any CPU.ActiveCfg = Release|Any CPU
		{1DB0EEE6-E9EF-4EB2-B244-E4036E5CB979}.Release|Any CPU.Build.0 = Release|Any CPU
	EndGlobalSection
	GlobalSection(SolutionProperties) = preSolution
		HideSolutionNode = FALSE
	EndGlobalSection
	GlobalSection(ExtensibilityGlobals) = postSolution
		SolutionGuid = {AE8292B3-CACE-4100-86DB-7B79B96E1EAA}
	EndGlobalSection
EndGlobal
